
Microsoft Visual Studio Solution File, Format Version 12.00
# Visual Studio Version 16
VisualStudioVersion = 16.0.29806.167
MinimumVisualStudioVersion = 10.0.40219.1
Project("{FAE04EC0-301F-11D3-BF4B-00C04F79EFBC}") = "CVControl.UI", "CVControl.UI\CVControl.UI.csproj", "{4235F770-8F18-4901-A271-6F954A738E0D}"
EndProject
Project("{FAE04EC0-301F-11D3-BF4B-00C04F79EFBC}") = "CVControl.Data", "CVControl.Data\CVControl.Data.csproj", "{60DB46FD-5135-4543-879E-43E9D74721EA}"
EndProject
Project("{FAE04EC0-301F-11D3-BF4B-00C04F79EFBC}") = "CVControl.Application", "CVControl.Application\CVControl.Application.csproj", "{5BF07873-A40D-4DD9-B819-8BD903FAB70C}"
EndProject
Global
	GlobalSection(SolutionConfigurationPlatforms) = preSolution
		Debug|Any CPU = Debug|Any CPU
		Release|Any CPU = Release|Any CPU
	EndGlobalSection
	GlobalSection(ProjectConfigurationPlatforms) = postSolution
		{4235F770-8F18-4901-A271-6F954A738E0D}.Debug|Any CPU.ActiveCfg = Debug|Any CPU
		{4235F770-8F18-4901-A271-6F954A738E0D}.Debug|Any CPU.Build.0 = Debug|Any CPU
		{4235F770-8F18-4901-A271-6F954A738E0D}.Release|Any CPU.ActiveCfg = Release|Any CPU
		{4235F770-8F18-4901-A271-6F954A738E0D}.Release|Any CPU.Build.0 = Release|Any CPU
		{60DB46FD-5135-4543-879E-43E9D74721EA}.Debug|Any CPU.ActiveCfg = Debug|Any CPU
		{60DB46FD-5135-4543-879E-43E9D74721EA}.Debug|Any CPU.Build.0 = Debug|Any CPU
		{60DB46FD-5135-4543-879E-43E9D74721EA}.Release|Any CPU.ActiveCfg = Release|Any CPU
		{60DB46FD-5135-4543-879E-43E9D74721EA}.Release|Any CPU.Build.0 = Release|Any CPU
		{5BF07873-A40D-4DD9-B819-8BD903FAB70C}.Debug|Any CPU.ActiveCfg = Debug|Any CPU
		{5BF07873-A40D-4DD9-B819-8BD903FAB70C}.Debug|Any CPU.Build.0 = Debug|Any CPU
		{5BF07873-A40D-4DD9-B819-8BD903FAB70C}.Release|Any CPU.ActiveCfg = Release|Any CPU
		{5BF07873-A40D-4DD9-B819-8BD903FAB70C}.Release|Any CPU.Build.0 = Release|Any CPU
	EndGlobalSection
	GlobalSection(SolutionProperties) = preSolution
		HideSolutionNode = FALSE
	EndGlobalSection
	GlobalSection(ExtensibilityGlobals) = postSolution
		SolutionGuid = {2234F06A-A07C-43AC-9143-CC51541C3366}
	EndGlobalSection
EndGlobal
